
Microsoft Visual Studio Solution File, Format Version 12.00
# Visual Studio Version 17
VisualStudioVersion = 17.0.32014.148
MinimumVisualStudioVersion = 10.0.40219.1
Project("{9A19103F-16F7-4668-BE54-9A1E7A4F7556}") = "Inqasso.Data", "Inqasso.Data\Inqasso.Data.csproj", "{E550A412-4D1F-4A2C-8563-D48522548973}"
EndProject
Project("{C7167F0D-BC9F-4E6E-AFE1-012C56B48DB5}") = "Inqasso.WinUI3 (Package)", "Inqasso.WinUI3\Inqasso.WinUI3 (Package)\Inqasso.WinUI3 (Package).wapproj", "{C6FF5616-1E11-4F71-86D8-58D0DB72581D}"
EndProject
Project("{FAE04EC0-301F-11D3-BF4B-00C04F79EFBC}") = "Inqasso.WinUI3", "Inqasso.WinUI3\Inqasso.WinUI3\Inqasso.WinUI3.csproj", "{DB20E154-08FD-4585-BBED-C0BA57955924}"
EndProject
Global
	GlobalSection(SolutionConfigurationPlatforms) = preSolution
		Debug|Any CPU = Debug|Any CPU
		Debug|arm64 = Debug|arm64
		Debug|x64 = Debug|x64
		Debug|x86 = Debug|x86
		Release|Any CPU = Release|Any CPU
		Release|arm64 = Release|arm64
		Release|x64 = Release|x64
		Release|x86 = Release|x86
	EndGlobalSection
	GlobalSection(ProjectConfigurationPlatforms) = postSolution
		{E550A412-4D1F-4A2C-8563-D48522548973}.Debug|Any CPU.ActiveCfg = Debug|Any CPU
		{E550A412-4D1F-4A2C-8563-D48522548973}.Debug|Any CPU.Build.0 = Debug|Any CPU
		{E550A412-4D1F-4A2C-8563-D48522548973}.Debug|arm64.ActiveCfg = Debug|Any CPU
		{E550A412-4D1F-4A2C-8563-D48522548973}.Debug|arm64.Build.0 = Debug|Any CPU
		{E550A412-4D1F-4A2C-8563-D48522548973}.Debug|x64.ActiveCfg = Debug|Any CPU
		{E550A412-4D1F-4A2C-8563-D48522548973}.Debug|x64.Build.0 = Debug|Any CPU
		{E550A412-4D1F-4A2C-8563-D48522548973}.Debug|x86.ActiveCfg = Debug|Any CPU
		{E550A412-4D1F-4A2C-8563-D48522548973}.Debug|x86.Build.0 = Debug|Any CPU
		{E550A412-4D1F-4A2C-8563-D48522548973}.Release|Any CPU.ActiveCfg = Release|Any CPU
		{E550A412-4D1F-4A2C-8563-D48522548973}.Release|Any CPU.Build.0 = Release|Any CPU
		{E550A412-4D1F-4A2C-8563-D48522548973}.Release|arm64.ActiveCfg = Release|Any CPU
		{E550A412-4D1F-4A2C-8563-D48522548973}.Release|arm64.Build.0 = Release|Any CPU
		{E550A412-4D1F-4A2C-8563-D48522548973}.Release|x64.ActiveCfg = Release|Any CPU
		{E550A412-4D1F-4A2C-8563-D48522548973}.Release|x64.Build.0 = Release|Any CPU
		{E550A412-4D1F-4A2C-8563-D48522548973}.Release|x86.ActiveCfg = Release|Any CPU
		{E550A412-4D1F-4A2C-8563-D48522548973}.Release|x86.Build.0 = Release|Any CPU
		{C6FF5616-1E11-4F71-86D8-58D0DB72581D}.Debug|Any CPU.ActiveCfg = Debug|x64
		{C6FF5616-1E11-4F71-86D8-58D0DB72581D}.Debug|Any CPU.Build.0 = Debug|x64
		{C6FF5616-1E11-4F71-86D8-58D0DB72581D}.Debug|Any CPU.Deploy.0 = Debug|x64
		{C6FF5616-1E11-4F71-86D8-58D0DB72581D}.Debug|arm64.ActiveCfg = Debug|ARM64
		{C6FF5616-1E11-4F71-86D8-58D0DB72581D}.Debug|arm64.Build.0 = Debug|ARM64
		{C6FF5616-1E11-4F71-86D8-58D0DB72581D}.Debug|arm64.Deploy.0 = Debug|ARM64
		{C6FF5616-1E11-4F71-86D8-58D0DB72581D}.Debug|x64.ActiveCfg = Debug|x64
		{C6FF5616-1E11-4F71-86D8-58D0DB72581D}.Debug|x64.Build.0 = Debug|x64
		{C6FF5616-1E11-4F71-86D8-58D0DB72581D}.Debug|x64.Deploy.0 = Debug|x64
		{C6FF5616-1E11-4F71-86D8-58D0DB72581D}.Debug|x86.ActiveCfg = Debug|x86
		{C6FF5616-1E11-4F71-86D8-58D0DB72581D}.Debug|x86.Build.0 = Debug|x86
		{C6FF5616-1E11-4F71-86D8-58D0DB72581D}.Debug|x86.Deploy.0 = Debug|x86
		{C6FF5616-1E11-4F71-86D8-58D0DB72581D}.Release|Any CPU.ActiveCfg = Release|x64
		{C6FF5616-1E11-4F71-86D8-58D0DB72581D}.Release|Any CPU.Build.0 = Release|x64
		{C6FF5616-1E11-4F71-86D8-58D0DB72581D}.Release|Any CPU.Deploy.0 = Release|x64
		{C6FF5616-1E11-4F71-86D8-58D0DB72581D}.Release|arm64.ActiveCfg = Release|ARM64
		{C6FF5616-1E11-4F71-86D8-58D0DB72581D}.Release|arm64.Build.0 = Release|ARM64
		{C6FF5616-1E11-4F71-86D8-58D0DB72581D}.Release|arm64.Deploy.0 = Release|ARM64
		{C6FF5616-1E11-4F71-86D8-58D0DB72581D}.Release|x64.ActiveCfg = Release|x64
		{C6FF5616-1E11-4F71-86D8-58D0DB72581D}.Release|x64.Build.0 = Release|x64
		{C6FF5616-1E11-4F71-86D8-58D0DB72581D}.Release|x64.Deploy.0 = Release|x64
		{C6FF5616-1E11-4F71-86D8-58D0DB72581D}.Release|x86.ActiveCfg = Release|x86
		{C6FF5616-1E11-4F71-86D8-58D0DB72581D}.Release|x86.Build.0 = Release|x86
		{C6FF5616-1E11-4F71-86D8-58D0DB72581D}.Release|x86.Deploy.0 = Release|x86
		{DB20E154-08FD-4585-BBED-C0BA57955924}.Debug|Any CPU.ActiveCfg = Debug|x64
		{DB20E154-08FD-4585-BBED-C0BA57955924}.Debug|Any CPU.Build.0 = Debug|x64
		{DB20E154-08FD-4585-BBED-C0BA57955924}.Debug|arm64.ActiveCfg = Debug|ARM64
		{DB20E154-08FD-4585-BBED-C0BA57955924}.Debug|arm64.Build.0 = Debug|ARM64
		{DB20E154-08FD-4585-BBED-C0BA57955924}.Debug|x64.ActiveCfg = Debug|x64
		{DB20E154-08FD-4585-BBED-C0BA57955924}.Debug|x64.Build.0 = Debug|x64
		{DB20E154-08FD-4585-BBED-C0BA57955924}.Debug|x86.ActiveCfg = Debug|x86
		{DB20E154-08FD-4585-BBED-C0BA57955924}.Debug|x86.Build.0 = Debug|x86
		{DB20E154-08FD-4585-BBED-C0BA57955924}.Release|Any CPU.ActiveCfg = Release|x64
		{DB20E154-08FD-4585-BBED-C0BA57955924}.Release|Any CPU.Build.0 = Release|x64
		{DB20E154-08FD-4585-BBED-C0BA57955924}.Release|arm64.ActiveCfg = Release|ARM64
		{DB20E154-08FD-4585-BBED-C0BA57955924}.Release|arm64.Build.0 = Release|ARM64
		{DB20E154-08FD-4585-BBED-C0BA57955924}.Release|x64.ActiveCfg = Release|x64
		{DB20E154-08FD-4585-BBED-C0BA57955924}.Release|x64.Build.0 = Release|x64
		{DB20E154-08FD-4585-BBED-C0BA57955924}.Release|x86.ActiveCfg = Release|x86
		{DB20E154-08FD-4585-BBED-C0BA57955924}.Release|x86.Build.0 = Release|x86
	EndGlobalSection
	GlobalSection(SolutionProperties) = preSolution
		HideSolutionNode = FALSE
	EndGlobalSection
	GlobalSection(ExtensibilityGlobals) = postSolution
		SolutionGuid = {31FFBD8F-5495-4EC0-B8C5-2377B5547B58}
	EndGlobalSection
EndGlobal
